
Microsoft Visual Studio Solution File, Format Version 12.00
# Visual Studio Version 17
VisualStudioVersion = 17.7.34024.191
MinimumVisualStudioVersion = 10.0.40219.1
Project("{FAE04EC0-301F-11D3-BF4B-00C04F79EFBC}") = "Connect-project-with-DB", "Connect-project-with-DB\Connect-project-with-DB.csproj", "{B481090E-15BA-46C0-850C-99DB476527E2}"
EndProject
Global
	GlobalSection(SolutionConfigurationPlatforms) = preSolution
		Debug|Any CPU = Debug|Any CPU
		Release|Any CPU = Release|Any CPU
	EndGlobalSection
	GlobalSection(ProjectConfigurationPlatforms) = postSolution
		{B481090E-15BA-46C0-850C-99DB476527E2}.Debug|Any CPU.ActiveCfg = Debug|Any CPU
		{B481090E-15BA-46C0-850C-99DB476527E2}.Debug|Any CPU.Build.0 = Debug|Any CPU
		{B481090E-15BA-46C0-850C-99DB476527E2}.Release|Any CPU.ActiveCfg = Release|Any CPU
		{B481090E-15BA-46C0-850C-99DB476527E2}.Release|Any CPU.Build.0 = Release|Any CPU
	EndGlobalSection
	GlobalSection(SolutionProperties) = preSolution
		HideSolutionNode = FALSE
	EndGlobalSection
	GlobalSection(ExtensibilityGlobals) = postSolution
		SolutionGuid = {07AE43E7-2450-4F53-8EDA-D9BE1896A825}
	EndGlobalSection
EndGlobal
